
Microsoft Visual Studio Solution File, Format Version 12.00
# Visual Studio Version 16
VisualStudioVersion = 16.0.29503.13
MinimumVisualStudioVersion = 10.0.40219.1
Project("{FAE04EC0-301F-11D3-BF4B-00C04F79EFBC}") = "ChaosTxtBuilder", "ChaosTxtBuilder\ChaosTxtBuilder.csproj", "{FBE2D3B0-11F4-4354-91A8-C6F5CB892910}"
EndProject
Global
	GlobalSection(SolutionConfigurationPlatforms) = preSolution
		Debug|Any CPU = Debug|Any CPU
		Release|Any CPU = Release|Any CPU
	EndGlobalSection
	GlobalSection(ProjectConfigurationPlatforms) = postSolution
		{FBE2D3B0-11F4-4354-91A8-C6F5CB892910}.Debug|Any CPU.ActiveCfg = Debug|Any CPU
		{FBE2D3B0-11F4-4354-91A8-C6F5CB892910}.Debug|Any CPU.Build.0 = Debug|Any CPU
		{FBE2D3B0-11F4-4354-91A8-C6F5CB892910}.Release|Any CPU.ActiveCfg = Release|Any CPU
		{FBE2D3B0-11F4-4354-91A8-C6F5CB892910}.Release|Any CPU.Build.0 = Release|Any CPU
	EndGlobalSection
	GlobalSection(SolutionProperties) = preSolution
		HideSolutionNode = FALSE
	EndGlobalSection
	GlobalSection(ExtensibilityGlobals) = postSolution
		SolutionGuid = {9BF38F5D-51BF-4CD3-87F7-1B7002BE5186}
	EndGlobalSection
EndGlobal
